
Microsoft Visual Studio Solution File, Format Version 12.00
Project("{FAE04EC0-301F-11D3-BF4B-00C04F79EFBC}") = "practice11", "practice11\practice11.csproj", "{1C4918E6-D1C1-44F4-B46E-77EEF989476D}"
EndProject
Global
	GlobalSection(SolutionConfigurationPlatforms) = preSolution
		Debug|Any CPU = Debug|Any CPU
		Release|Any CPU = Release|Any CPU
	EndGlobalSection
	GlobalSection(ProjectConfigurationPlatforms) = postSolution
		{1C4918E6-D1C1-44F4-B46E-77EEF989476D}.Debug|Any CPU.ActiveCfg = Debug|Any CPU
		{1C4918E6-D1C1-44F4-B46E-77EEF989476D}.Debug|Any CPU.Build.0 = Debug|Any CPU
		{1C4918E6-D1C1-44F4-B46E-77EEF989476D}.Release|Any CPU.ActiveCfg = Release|Any CPU
		{1C4918E6-D1C1-44F4-B46E-77EEF989476D}.Release|Any CPU.Build.0 = Release|Any CPU
	EndGlobalSection
EndGlobal
